// !$*UTF8*$!
{
	archiveVersion = 1;
	classes = {
	};
	objectVersion = 46;
	objects = {

/* Begin PBXBuildFile section */
		13115BE51815367F00CE2B49 /* YelpClient.m in Sources */ = {isa = PBXBuildFile; fileRef = 13115BE41815367F00CE2B49 /* YelpClient.m */; };
		13115BE8181536A200CE2B49 /* Business.m in Sources */ = {isa = PBXBuildFile; fileRef = 13115BE7181536A200CE2B49 /* Business.m */; };
		13115BEB18153C2500CE2B49 /* Review.m in Sources */ = {isa = PBXBuildFile; fileRef = 13115BEA18153C2500CE2B49 /* Review.m */; };
		13CFE252180F803B00946D84 /* Foundation.framework in Frameworks */ = {isa = PBXBuildFile; fileRef = 13CFE251180F803B00946D84 /* Foundation.framework */; };
		13CFE254180F803B00946D84 /* CoreGraphics.framework in Frameworks */ = {isa = PBXBuildFile; fileRef = 13CFE253180F803B00946D84 /* CoreGraphics.framework */; };
		13CFE256180F803B00946D84 /* UIKit.framework in Frameworks */ = {isa = PBXBuildFile; fileRef = 13CFE255180F803B00946D84 /* UIKit.framework */; };
		13CFE25C180F803B00946D84 /* InfoPlist.strings in Resources */ = {isa = PBXBuildFile; fileRef = 13CFE25A180F803B00946D84 /* InfoPlist.strings */; };
		13CFE25E180F803B00946D84 /* main.m in Sources */ = {isa = PBXBuildFile; fileRef = 13CFE25D180F803B00946D84 /* main.m */; };
		13CFE262180F803B00946D84 /* AppDelegate.m in Sources */ = {isa = PBXBuildFile; fileRef = 13CFE261180F803B00946D84 /* AppDelegate.m */; };
		13CFE265180F803B00946D84 /* Main.storyboard in Resources */ = {isa = PBXBuildFile; fileRef = 13CFE263180F803B00946D84 /* Main.storyboard */; };
		13CFE268180F803B00946D84 /* ListViewController.m in Sources */ = {isa = PBXBuildFile; fileRef = 13CFE267180F803B00946D84 /* ListViewController.m */; };
		13CFE26A180F803B00946D84 /* Images.xcassets in Resources */ = {isa = PBXBuildFile; fileRef = 13CFE269180F803B00946D84 /* Images.xcassets */; };
		13CFE271180F803B00946D84 /* XCTest.framework in Frameworks */ = {isa = PBXBuildFile; fileRef = 13CFE270180F803B00946D84 /* XCTest.framework */; };
		13CFE272180F803B00946D84 /* Foundation.framework in Frameworks */ = {isa = PBXBuildFile; fileRef = 13CFE251180F803B00946D84 /* Foundation.framework */; };
		13CFE273180F803B00946D84 /* UIKit.framework in Frameworks */ = {isa = PBXBuildFile; fileRef = 13CFE255180F803B00946D84 /* UIKit.framework */; };
		13CFE27B180F803B00946D84 /* InfoPlist.strings in Resources */ = {isa = PBXBuildFile; fileRef = 13CFE279180F803B00946D84 /* InfoPlist.strings */; };
		13CFE27D180F803B00946D84 /* BobaBuddyTests.m in Sources */ = {isa = PBXBuildFile; fileRef = 13CFE27C180F803B00946D84 /* BobaBuddyTests.m */; };
		A017A1A518162789002E5BCD /* DetailViewController.m in Sources */ = {isa = PBXBuildFile; fileRef = A017A1A418162789002E5BCD /* DetailViewController.m */; };
		A017A1A818162C44002E5BCD /* ReviewCell.m in Sources */ = {isa = PBXBuildFile; fileRef = A017A1A718162C44002E5BCD /* ReviewCell.m */; };
		CC546D95A9F34ACF9B552EFD /* libPods.a in Frameworks */ = {isa = PBXBuildFile; fileRef = 06EF7571DC954B67A6831EA9 /* libPods.a */; };
/* End PBXBuildFile section */

/* Begin PBXContainerItemProxy section */
		13CFE274180F803B00946D84 /* PBXContainerItemProxy */ = {
			isa = PBXContainerItemProxy;
			containerPortal = 13CFE246180F803B00946D84 /* Project object */;
			proxyType = 1;
			remoteGlobalIDString = 13CFE24D180F803B00946D84;
			remoteInfo = BobaBuddy;
		};
/* End PBXContainerItemProxy section */

/* Begin PBXFileReference section */
		06EF7571DC954B67A6831EA9 /* libPods.a */ = {isa = PBXFileReference; explicitFileType = archive.ar; includeInIndex = 0; path = libPods.a; sourceTree = BUILT_PRODUCTS_DIR; };
		13115BE31815367F00CE2B49 /* YelpClient.h */ = {isa = PBXFileReference; fileEncoding = 4; lastKnownFileType = sourcecode.c.h; path = YelpClient.h; sourceTree = "<group>"; };
		13115BE41815367F00CE2B49 /* YelpClient.m */ = {isa = PBXFileReference; fileEncoding = 4; lastKnownFileType = sourcecode.c.objc; path = YelpClient.m; sourceTree = "<group>"; };
		13115BE6181536A200CE2B49 /* Business.h */ = {isa = PBXFileReference; fileEncoding = 4; lastKnownFileType = sourcecode.c.h; path = Business.h; sourceTree = "<group>"; };
		13115BE7181536A200CE2B49 /* Business.m */ = {isa = PBXFileReference; fileEncoding = 4; lastKnownFileType = sourcecode.c.objc; path = Business.m; sourceTree = "<group>"; };
		13115BE918153C2500CE2B49 /* Review.h */ = {isa = PBXFileReference; fileEncoding = 4; lastKnownFileType = sourcecode.c.h; path = Review.h; sourceTree = "<group>"; };
		13115BEA18153C2500CE2B49 /* Review.m */ = {isa = PBXFileReference; fileEncoding = 4; lastKnownFileType = sourcecode.c.objc; path = Review.m; sourceTree = "<group>"; };
		13CFE24E180F803B00946D84 /* BobaBuddy.app */ = {isa = PBXFileReference; explicitFileType = wrapper.application; includeInIndex = 0; path = BobaBuddy.app; sourceTree = BUILT_PRODUCTS_DIR; };
		13CFE251180F803B00946D84 /* Foundation.framework */ = {isa = PBXFileReference; lastKnownFileType = wrapper.framework; name = Foundation.framework; path = System/Library/Frameworks/Foundation.framework; sourceTree = SDKROOT; };
		13CFE253180F803B00946D84 /* CoreGraphics.framework */ = {isa = PBXFileReference; lastKnownFileType = wrapper.framework; name = CoreGraphics.framework; path = System/Library/Frameworks/CoreGraphics.framework; sourceTree = SDKROOT; };
		13CFE255180F803B00946D84 /* UIKit.framework */ = {isa = PBXFileReference; lastKnownFileType = wrapper.framework; name = UIKit.framework; path = System/Library/Frameworks/UIKit.framework; sourceTree = SDKROOT; };
		13CFE259180F803B00946D84 /* BobaBuddy-Info.plist */ = {isa = PBXFileReference; lastKnownFileType = text.plist.xml; path = "BobaBuddy-Info.plist"; sourceTree = "<group>"; };
		13CFE25B180F803B00946D84 /* en */ = {isa = PBXFileReference; lastKnownFileType = text.plist.strings; name = en; path = en.lproj/InfoPlist.strings; sourceTree = "<group>"; };
		13CFE25D180F803B00946D84 /* main.m */ = {isa = PBXFileReference; lastKnownFileType = sourcecode.c.objc; path = main.m; sourceTree = "<group>"; };
		13CFE25F180F803B00946D84 /* BobaBuddy-Prefix.pch */ = {isa = PBXFileReference; lastKnownFileType = sourcecode.c.h; path = "BobaBuddy-Prefix.pch"; sourceTree = "<group>"; };
		13CFE260180F803B00946D84 /* AppDelegate.h */ = {isa = PBXFileReference; lastKnownFileType = sourcecode.c.h; path = AppDelegate.h; sourceTree = "<group>"; };
		13CFE261180F803B00946D84 /* AppDelegate.m */ = {isa = PBXFileReference; lastKnownFileType = sourcecode.c.objc; path = AppDelegate.m; sourceTree = "<group>"; };
		13CFE264180F803B00946D84 /* Base */ = {isa = PBXFileReference; lastKnownFileType = file.storyboard; name = Base; path = Base.lproj/Main.storyboard; sourceTree = "<group>"; };
		13CFE266180F803B00946D84 /* ListViewController.h */ = {isa = PBXFileReference; lastKnownFileType = sourcecode.c.h; path = ListViewController.h; sourceTree = "<group>"; };
		13CFE267180F803B00946D84 /* ListViewController.m */ = {isa = PBXFileReference; lastKnownFileType = sourcecode.c.objc; path = ListViewController.m; sourceTree = "<group>"; };
		13CFE269180F803B00946D84 /* Images.xcassets */ = {isa = PBXFileReference; lastKnownFileType = folder.assetcatalog; path = Images.xcassets; sourceTree = "<group>"; };
		13CFE26F180F803B00946D84 /* BobaBuddyTests.xctest */ = {isa = PBXFileReference; explicitFileType = wrapper.cfbundle; includeInIndex = 0; path = BobaBuddyTests.xctest; sourceTree = BUILT_PRODUCTS_DIR; };
		13CFE270180F803B00946D84 /* XCTest.framework */ = {isa = PBXFileReference; lastKnownFileType = wrapper.framework; name = XCTest.framework; path = Library/Frameworks/XCTest.framework; sourceTree = DEVELOPER_DIR; };
		13CFE278180F803B00946D84 /* BobaBuddyTests-Info.plist */ = {isa = PBXFileReference; lastKnownFileType = text.plist.xml; path = "BobaBuddyTests-Info.plist"; sourceTree = "<group>"; };
		13CFE27A180F803B00946D84 /* en */ = {isa = PBXFileReference; lastKnownFileType = text.plist.strings; name = en; path = en.lproj/InfoPlist.strings; sourceTree = "<group>"; };
		13CFE27C180F803B00946D84 /* BobaBuddyTests.m */ = {isa = PBXFileReference; lastKnownFileType = sourcecode.c.objc; path = BobaBuddyTests.m; sourceTree = "<group>"; };
		324E7DD0EBD348BDA32144F4 /* Pods.xcconfig */ = {isa = PBXFileReference; includeInIndex = 1; lastKnownFileType = text.xcconfig; name = Pods.xcconfig; path = Pods/Pods.xcconfig; sourceTree = "<group>"; };
		A017A1A318162789002E5BCD /* DetailViewController.h */ = {isa = PBXFileReference; fileEncoding = 4; lastKnownFileType = sourcecode.c.h; path = DetailViewController.h; sourceTree = "<group>"; };
		A017A1A418162789002E5BCD /* DetailViewController.m */ = {isa = PBXFileReference; fileEncoding = 4; lastKnownFileType = sourcecode.c.objc; path = DetailViewController.m; sourceTree = "<group>"; };
		A017A1A618162C44002E5BCD /* ReviewCell.h */ = {isa = PBXFileReference; fileEncoding = 4; lastKnownFileType = sourcecode.c.h; path = ReviewCell.h; sourceTree = "<group>"; };
		A017A1A718162C44002E5BCD /* ReviewCell.m */ = {isa = PBXFileReference; fileEncoding = 4; lastKnownFileType = sourcecode.c.objc; path = ReviewCell.m; sourceTree = "<group>"; };
/* End PBXFileReference section */

/* Begin PBXFrameworksBuildPhase section */
		13CFE24B180F803B00946D84 /* Frameworks */ = {
			isa = PBXFrameworksBuildPhase;
			buildActionMask = 2147483647;
			files = (
				13CFE254180F803B00946D84 /* CoreGraphics.framework in Frameworks */,
				13CFE256180F803B00946D84 /* UIKit.framework in Frameworks */,
				13CFE252180F803B00946D84 /* Foundation.framework in Frameworks */,
				CC546D95A9F34ACF9B552EFD /* libPods.a in Frameworks */,
			);
			runOnlyForDeploymentPostprocessing = 0;
		};
		13CFE26C180F803B00946D84 /* Frameworks */ = {
			isa = PBXFrameworksBuildPhase;
			buildActionMask = 2147483647;
			files = (
				13CFE271180F803B00946D84 /* XCTest.framework in Frameworks */,
				13CFE273180F803B00946D84 /* UIKit.framework in Frameworks */,
				13CFE272180F803B00946D84 /* Foundation.framework in Frameworks */,
			);
			runOnlyForDeploymentPostprocessing = 0;
		};
/* End PBXFrameworksBuildPhase section */

/* Begin PBXGroup section */
		13115BE21815366F00CE2B49 /* Models */ = {
			isa = PBXGroup;
			children = (
				13115BE31815367F00CE2B49 /* YelpClient.h */,
				13115BE41815367F00CE2B49 /* YelpClient.m */,
				13115BE6181536A200CE2B49 /* Business.h */,
				13115BE7181536A200CE2B49 /* Business.m */,
				13115BE918153C2500CE2B49 /* Review.h */,
				13115BEA18153C2500CE2B49 /* Review.m */,
			);
			name = Models;
			sourceTree = "<group>";
		};
		13CFE245180F803B00946D84 = {
			isa = PBXGroup;
			children = (
				13CFE257180F803B00946D84 /* BobaBuddy */,
				13CFE276180F803B00946D84 /* BobaBuddyTests */,
				13CFE250180F803B00946D84 /* Frameworks */,
				13CFE24F180F803B00946D84 /* Products */,
				324E7DD0EBD348BDA32144F4 /* Pods.xcconfig */,
			);
			sourceTree = "<group>";
		};
		13CFE24F180F803B00946D84 /* Products */ = {
			isa = PBXGroup;
			children = (
				13CFE24E180F803B00946D84 /* BobaBuddy.app */,
				13CFE26F180F803B00946D84 /* BobaBuddyTests.xctest */,
			);
			name = Products;
			sourceTree = "<group>";
		};
		13CFE250180F803B00946D84 /* Frameworks */ = {
			isa = PBXGroup;
			children = (
				13CFE251180F803B00946D84 /* Foundation.framework */,
				13CFE253180F803B00946D84 /* CoreGraphics.framework */,
				13CFE255180F803B00946D84 /* UIKit.framework */,
				13CFE270180F803B00946D84 /* XCTest.framework */,
				06EF7571DC954B67A6831EA9 /* libPods.a */,
			);
			name = Frameworks;
			sourceTree = "<group>";
		};
		13CFE257180F803B00946D84 /* BobaBuddy */ = {
			isa = PBXGroup;
			children = (
				13115BE21815366F00CE2B49 /* Models */,
				13CFE260180F803B00946D84 /* AppDelegate.h */,
				13CFE261180F803B00946D84 /* AppDelegate.m */,
				13CFE263180F803B00946D84 /* Main.storyboard */,
				13CFE266180F803B00946D84 /* ListViewController.h */,
				13CFE267180F803B00946D84 /* ListViewController.m */,
				A017A1A318162789002E5BCD /* DetailViewController.h */,
				A017A1A418162789002E5BCD /* DetailViewController.m */,
				A017A1A618162C44002E5BCD /* ReviewCell.h */,
				A017A1A718162C44002E5BCD /* ReviewCell.m */,
				13CFE269180F803B00946D84 /* Images.xcassets */,
				13CFE258180F803B00946D84 /* Supporting Files */,
			);
			path = BobaBuddy;
			sourceTree = "<group>";
		};
		13CFE258180F803B00946D84 /* Supporting Files */ = {
			isa = PBXGroup;
			children = (
				13CFE259180F803B00946D84 /* BobaBuddy-Info.plist */,
				13CFE25A180F803B00946D84 /* InfoPlist.strings */,
				13CFE25D180F803B00946D84 /* main.m */,
				13CFE25F180F803B00946D84 /* BobaBuddy-Prefix.pch */,
			);
			name = "Supporting Files";
			sourceTree = "<group>";
		};
		13CFE276180F803B00946D84 /* BobaBuddyTests */ = {
			isa = PBXGroup;
			children = (
				13CFE27C180F803B00946D84 /* BobaBuddyTests.m */,
				13CFE277180F803B00946D84 /* Supporting Files */,
			);
			path = BobaBuddyTests;
			sourceTree = "<group>";
		};
		13CFE277180F803B00946D84 /* Supporting Files */ = {
			isa = PBXGroup;
			children = (
				13CFE278180F803B00946D84 /* BobaBuddyTests-Info.plist */,
				13CFE279180F803B00946D84 /* InfoPlist.strings */,
			);
			name = "Supporting Files";
			sourceTree = "<group>";
		};
/* End PBXGroup section */

/* Begin PBXNativeTarget section */
		13CFE24D180F803B00946D84 /* BobaBuddy */ = {
			isa = PBXNativeTarget;
			buildConfigurationList = 13CFE280180F803B00946D84 /* Build configuration list for PBXNativeTarget "BobaBuddy" */;
			buildPhases = (
				E00F7718BE194D539551C444 /* Check Pods Manifest.lock */,
				13CFE24A180F803B00946D84 /* Sources */,
				13CFE24B180F803B00946D84 /* Frameworks */,
				13CFE24C180F803B00946D84 /* Resources */,
				030EE96F31AA411AA2A7EDDD /* Copy Pods Resources */,
			);
			buildRules = (
			);
			dependencies = (
			);
			name = BobaBuddy;
			productName = BobaBuddy;
			productReference = 13CFE24E180F803B00946D84 /* BobaBuddy.app */;
			productType = "com.apple.product-type.application";
		};
		13CFE26E180F803B00946D84 /* BobaBuddyTests */ = {
			isa = PBXNativeTarget;
			buildConfigurationList = 13CFE283180F803B00946D84 /* Build configuration list for PBXNativeTarget "BobaBuddyTests" */;
			buildPhases = (
				13CFE26B180F803B00946D84 /* Sources */,
				13CFE26C180F803B00946D84 /* Frameworks */,
				13CFE26D180F803B00946D84 /* Resources */,
			);
			buildRules = (
			);
			dependencies = (
				13CFE275180F803B00946D84 /* PBXTargetDependency */,
			);
			name = BobaBuddyTests;
			productName = BobaBuddyTests;
			productReference = 13CFE26F180F803B00946D84 /* BobaBuddyTests.xctest */;
			productType = "com.apple.product-type.bundle.unit-test";
		};
/* End PBXNativeTarget section */

/* Begin PBXProject section */
		13CFE246180F803B00946D84 /* Project object */ = {
			isa = PBXProject;
			attributes = {
				LastUpgradeCheck = 0500;
				ORGANIZATIONNAME = "Ben Lindsey";
				TargetAttributes = {
					13CFE26E180F803B00946D84 = {
						TestTargetID = 13CFE24D180F803B00946D84;
					};
				};
			};
			buildConfigurationList = 13CFE249180F803B00946D84 /* Build configuration list for PBXProject "BobaBuddy" */;
			compatibilityVersion = "Xcode 3.2";
			developmentRegion = English;
			hasScannedForEncodings = 0;
			knownRegions = (
				en,
				Base,
			);
			mainGroup = 13CFE245180F803B00946D84;
			productRefGroup = 13CFE24F180F803B00946D84 /* Products */;
			projectDirPath = "";
			projectRoot = "";
			targets = (
				13CFE24D180F803B00946D84 /* BobaBuddy */,
				13CFE26E180F803B00946D84 /* BobaBuddyTests */,
			);
		};
/* End PBXProject section */

/* Begin PBXResourcesBuildPhase section */
		13CFE24C180F803B00946D84 /* Resources */ = {
			isa = PBXResourcesBuildPhase;
			buildActionMask = 2147483647;
			files = (
				13CFE26A180F803B00946D84 /* Images.xcassets in Resources */,
				13CFE25C180F803B00946D84 /* InfoPlist.strings in Resources */,
				13CFE265180F803B00946D84 /* Main.storyboard in Resources */,
			);
			runOnlyForDeploymentPostprocessing = 0;
		};
		13CFE26D180F803B00946D84 /* Resources */ = {
			isa = PBXResourcesBuildPhase;
			buildActionMask = 2147483647;
			files = (
				13CFE27B180F803B00946D84 /* InfoPlist.strings in Resources */,
			);
			runOnlyForDeploymentPostprocessing = 0;
		};
/* End PBXResourcesBuildPhase section */

/* Begin PBXShellScriptBuildPhase section */
		030EE96F31AA411AA2A7EDDD /* Copy Pods Resources */ = {
			isa = PBXShellScriptBuildPhase;
			buildActionMask = 2147483647;
			files = (
			);
			inputPaths = (
			);
			name = "Copy Pods Resources";
			outputPaths = (
			);
			runOnlyForDeploymentPostprocessing = 0;
			shellPath = /bin/sh;
			shellScript = "\"${SRCROOT}/Pods/Pods-resources.sh\"\n";
			showEnvVarsInLog = 0;
		};
		E00F7718BE194D539551C444 /* Check Pods Manifest.lock */ = {
			isa = PBXShellScriptBuildPhase;
			buildActionMask = 2147483647;
			files = (
			);
			inputPaths = (
			);
			name = "Check Pods Manifest.lock";
			outputPaths = (
			);
			runOnlyForDeploymentPostprocessing = 0;
			shellPath = /bin/sh;
			shellScript = "diff \"${PODS_ROOT}/../Podfile.lock\" \"${PODS_ROOT}/Manifest.lock\" > /dev/null\nif [[ $? != 0 ]] ; then\n    cat << EOM\nerror: The sandbox is not in sync with the Podfile.lock. Run 'pod install' or update your CocoaPods installation.\nEOM\n    exit 1\nfi\n";
			showEnvVarsInLog = 0;
		};
/* End PBXShellScriptBuildPhase section */

/* Begin PBXSourcesBuildPhase section */
		13CFE24A180F803B00946D84 /* Sources */ = {
			isa = PBXSourcesBuildPhase;
			buildActionMask = 2147483647;
			files = (
				13115BE8181536A200CE2B49 /* Business.m in Sources */,
				A017A1A818162C44002E5BCD /* ReviewCell.m in Sources */,
				13115BE51815367F00CE2B49 /* YelpClient.m in Sources */,
				13CFE268180F803B00946D84 /* ListViewController.m in Sources */,
				13CFE262180F803B00946D84 /* AppDelegate.m in Sources */,
				13CFE25E180F803B00946D84 /* main.m in Sources */,
				13115BEB18153C2500CE2B49 /* Review.m in Sources */,
				A017A1A518162789002E5BCD /* DetailViewController.m in Sources */,
			);
			runOnlyForDeploymentPostprocessing = 0;
		};
		13CFE26B180F803B00946D84 /* Sources */ = {
			isa = PBXSourcesBuildPhase;
			buildActionMask = 2147483647;
			files = (
				13CFE27D180F803B00946D84 /* BobaBuddyTests.m in Sources */,
			);
			runOnlyForDeploymentPostprocessing = 0;
		};
/* End PBXSourcesBuildPhase section */

/* Begin PBXTargetDependency section */
		13CFE275180F803B00946D84 /* PBXTargetDependency */ = {
			isa = PBXTargetDependency;
			target = 13CFE24D180F803B00946D84 /* BobaBuddy */;
			targetProxy = 13CFE274180F803B00946D84 /* PBXContainerItemProxy */;
		};
/* End PBXTargetDependency section */

/* Begin PBXVariantGroup section */
		13CFE25A180F803B00946D84 /* InfoPlist.strings */ = {
			isa = PBXVariantGroup;
			children = (
				13CFE25B180F803B00946D84 /* en */,
			);
			name = InfoPlist.strings;
			sourceTree = "<group>";
		};
		13CFE263180F803B00946D84 /* Main.storyboard */ = {
			isa = PBXVariantGroup;
			children = (
				13CFE264180F803B00946D84 /* Base */,
			);
			name = Main.storyboard;
			sourceTree = "<group>";
		};
		13CFE279180F803B00946D84 /* InfoPlist.strings */ = {
			isa = PBXVariantGroup;
			children = (
				13CFE27A180F803B00946D84 /* en */,
			);
			name = InfoPlist.strings;
			sourceTree = "<group>";
		};
/* End PBXVariantGroup section */

/* Begin XCBuildConfiguration section */
		13CFE27E180F803B00946D84 /* Debug */ = {
			isa = XCBuildConfiguration;
			buildSettings = {
				ALWAYS_SEARCH_USER_PATHS = NO;
				ARCHS = "$(ARCHS_STANDARD_INCLUDING_64_BIT)";
				CLANG_CXX_LANGUAGE_STANDARD = "gnu++0x";
				CLANG_CXX_LIBRARY = "libc++";
				CLANG_ENABLE_MODULES = YES;
				CLANG_ENABLE_OBJC_ARC = YES;
				CLANG_WARN_BOOL_CONVERSION = YES;
				CLANG_WARN_CONSTANT_CONVERSION = YES;
				CLANG_WARN_DIRECT_OBJC_ISA_USAGE = YES_ERROR;
				CLANG_WARN_EMPTY_BODY = YES;
				CLANG_WARN_ENUM_CONVERSION = YES;
				CLANG_WARN_INT_CONVERSION = YES;
				CLANG_WARN_OBJC_ROOT_CLASS = YES_ERROR;
				CLANG_WARN__DUPLICATE_METHOD_MATCH = YES;
				"CODE_SIGN_IDENTITY[sdk=iphoneos*]" = "iPhone Developer";
				COPY_PHASE_STRIP = NO;
				GCC_C_LANGUAGE_STANDARD = gnu99;
				GCC_DYNAMIC_NO_PIC = NO;
				GCC_OPTIMIZATION_LEVEL = 0;
				GCC_PREPROCESSOR_DEFINITIONS = (
					"DEBUG=1",
					"$(inherited)",
				);
				GCC_SYMBOLS_PRIVATE_EXTERN = NO;
				GCC_WARN_64_TO_32_BIT_CONVERSION = YES;
				GCC_WARN_ABOUT_RETURN_TYPE = YES_ERROR;
				GCC_WARN_UNDECLARED_SELECTOR = YES;
				GCC_WARN_UNINITIALIZED_AUTOS = YES;
				GCC_WARN_UNUSED_FUNCTION = YES;
				GCC_WARN_UNUSED_VARIABLE = YES;
				IPHONEOS_DEPLOYMENT_TARGET = 6.1;
				ONLY_ACTIVE_ARCH = YES;
				SDKROOT = iphoneos;
			};
			name = Debug;
		};
		13CFE27F180F803B00946D84 /* Release */ = {
			isa = XCBuildConfiguration;
			buildSettings = {
				ALWAYS_SEARCH_USER_PATHS = NO;
				ARCHS = "$(ARCHS_STANDARD_INCLUDING_64_BIT)";
				CLANG_CXX_LANGUAGE_STANDARD = "gnu++0x";
				CLANG_CXX_LIBRARY = "libc++";
				CLANG_ENABLE_MODULES = YES;
				CLANG_ENABLE_OBJC_ARC = YES;
				CLANG_WARN_BOOL_CONVERSION = YES;
				CLANG_WARN_CONSTANT_CONVERSION = YES;
				CLANG_WARN_DIRECT_OBJC_ISA_USAGE = YES_ERROR;
				CLANG_WARN_EMPTY_BODY = YES;
				CLANG_WARN_ENUM_CONVERSION = YES;
				CLANG_WARN_INT_CONVERSION = YES;
				CLANG_WARN_OBJC_ROOT_CLASS = YES_ERROR;
				CLANG_WARN__DUPLICATE_METHOD_MATCH = YES;
				"CODE_SIGN_IDENTITY[sdk=iphoneos*]" = "iPhone Developer";
				COPY_PHASE_STRIP = YES;
				ENABLE_NS_ASSERTIONS = NO;
				GCC_C_LANGUAGE_STANDARD = gnu99;
				GCC_WARN_64_TO_32_BIT_CONVERSION = YES;
				GCC_WARN_ABOUT_RETURN_TYPE = YES_ERROR;
				GCC_WARN_UNDECLARED_SELECTOR = YES;
				GCC_WARN_UNINITIALIZED_AUTOS = YES;
				GCC_WARN_UNUSED_FUNCTION = YES;
				GCC_WARN_UNUSED_VARIABLE = YES;
				IPHONEOS_DEPLOYMENT_TARGET = 6.1;
				SDKROOT = iphoneos;
				VALIDATE_PRODUCT = YES;
			};
			name = Release;
		};
		13CFE281180F803B00946D84 /* Debug */ = {
			isa = XCBuildConfiguration;
			baseConfigurationReference = 324E7DD0EBD348BDA32144F4 /* Pods.xcconfig */;
			buildSettings = {
				ASSETCATALOG_COMPILER_APPICON_NAME = AppIcon;
				ASSETCATALOG_COMPILER_LAUNCHIMAGE_NAME = LaunchImage;
				GCC_PRECOMPILE_PREFIX_HEADER = YES;
				GCC_PREFIX_HEADER = "BobaBuddy/BobaBuddy-Prefix.pch";
				INFOPLIST_FILE = "BobaBuddy/BobaBuddy-Info.plist";
				PRODUCT_NAME = "$(TARGET_NAME)";
				WRAPPER_EXTENSION = app;
			};
			name = Debug;
		};
		13CFE282180F803B00946D84 /* Release */ = {
			isa = XCBuildConfiguration;
			baseConfigurationReference = 324E7DD0EBD348BDA32144F4 /* Pods.xcconfig */;
			buildSettings = {
				ASSETCATALOG_COMPILER_APPICON_NAME = AppIcon;
				ASSETCATALOG_COMPILER_LAUNCHIMAGE_NAME = LaunchImage;
				GCC_PRECOMPILE_PREFIX_HEADER = YES;
				GCC_PREFIX_HEADER = "BobaBuddy/BobaBuddy-Prefix.pch";
				INFOPLIST_FILE = "BobaBuddy/BobaBuddy-Info.plist";
				PRODUCT_NAME = "$(TARGET_NAME)";
				WRAPPER_EXTENSION = app;
			};
			name = Release;
		};
		13CFE284180F803B00946D84 /* Debug */ = {
			isa = XCBuildConfiguration;
			buildSettings = {
				ARCHS = "$(ARCHS_STANDARD_INCLUDING_64_BIT)";
				BUNDLE_LOADER = "$(BUILT_PRODUCTS_DIR)/BobaBuddy.app/BobaBuddy";
				FRAMEWORK_SEARCH_PATHS = (
					"$(SDKROOT)/Developer/Library/Frameworks",
					"$(inherited)",
					"$(DEVELOPER_FRAMEWORKS_DIR)",
				);
				GCC_PRECOMPILE_PREFIX_HEADER = YES;
				GCC_PREFIX_HEADER = "BobaBuddy/BobaBuddy-Prefix.pch";
				GCC_PREPROCESSOR_DEFINITIONS = (
					"DEBUG=1",
					"$(inherited)",
				);
				INFOPLIST_FILE = "BobaBuddyTests/BobaBuddyTests-Info.plist";
				PRODUCT_NAME = "$(TARGET_NAME)";
				TEST_HOST = "$(BUNDLE_LOADER)";
				WRAPPER_EXTENSION = xctest;
			};
			name = Debug;
		};
		13CFE285180F803B00946D84 /* Release */ = {
			isa = XCBuildConfiguration;
			buildSettings = {
				ARCHS = "$(ARCHS_STANDARD_INCLUDING_64_BIT)";
				BUNDLE_LOADER = "$(BUILT_PRODUCTS_DIR)/BobaBuddy.app/BobaBuddy";
				FRAMEWORK_SEARCH_PATHS = (
					"$(SDKROOT)/Developer/Library/Frameworks",
					"$(inherited)",
					"$(DEVELOPER_FRAMEWORKS_DIR)",
				);
				GCC_PRECOMPILE_PREFIX_HEADER = YES;
				GCC_PREFIX_HEADER = "BobaBuddy/BobaBuddy-Prefix.pch";
				INFOPLIST_FILE = "BobaBuddyTests/BobaBuddyTests-Info.plist";
				PRODUCT_NAME = "$(TARGET_NAME)";
				TEST_HOST = "$(BUNDLE_LOADER)";
				WRAPPER_EXTENSION = xctest;
			};
			name = Release;
		};
/* End XCBuildConfiguration section */

/* Begin XCConfigurationList section */
		13CFE249180F803B00946D84 /* Build configuration list for PBXProject "BobaBuddy" */ = {
			isa = XCConfigurationList;
			buildConfigurations = (
				13CFE27E180F803B00946D84 /* Debug */,
				13CFE27F180F803B00946D84 /* Release */,
			);
			defaultConfigurationIsVisible = 0;
			defaultConfigurationName = Release;
		};
		13CFE280180F803B00946D84 /* Build configuration list for PBXNativeTarget "BobaBuddy" */ = {
			isa = XCConfigurationList;
			buildConfigurations = (
				13CFE281180F803B00946D84 /* Debug */,
				13CFE282180F803B00946D84 /* Release */,
			);
			defaultConfigurationIsVisible = 0;
			defaultConfigurationName = Release;
		};
		13CFE283180F803B00946D84 /* Build configuration list for PBXNativeTarget "BobaBuddyTests" */ = {
			isa = XCConfigurationList;
			buildConfigurations = (
				13CFE284180F803B00946D84 /* Debug */,
				13CFE285180F803B00946D84 /* Release */,
			);
			defaultConfigurationIsVisible = 0;
			defaultConfigurationName = Release;
		};
/* End XCConfigurationList section */
	};
	rootObject = 13CFE246180F803B00946D84 /* Project object */;
}
